
Microsoft Visual Studio Solution File, Format Version 12.00
# Visual Studio 2013
VisualStudioVersion = 12.0.30501.0
MinimumVisualStudioVersion = 10.0.40219.1
Project("{FAE04EC0-301F-11D3-BF4B-00C04F79EFBC}") = "Red_Social_Citas", "Red_Social_Citas\Red_Social_Citas.csproj", "{488C7310-3D6A-4E78-AFDE-84953D0663D2}"
EndProject
Project("{2150E333-8FDC-42A3-9474-1A3956D46DE8}") = "2. Capas", "2. Capas", "{E2118CFA-7E63-40DB-8AB9-C0E970D0ED83}"
EndProject
Project("{2150E333-8FDC-42A3-9474-1A3956D46DE8}") = "2.1 Presentacion", "2.1 Presentacion", "{B9F838F6-11D6-4C2F-83C7-28F0775324C0}"
EndProject
Project("{2150E333-8FDC-42A3-9474-1A3956D46DE8}") = "2.2 Servicios", "2.2 Servicios", "{6F2C0FCE-0A5E-4866-9D47-81BAC79BF169}"
EndProject
Project("{2150E333-8FDC-42A3-9474-1A3956D46DE8}") = "2.3 Dominio", "2.3 Dominio", "{B4C763EF-11DB-46EB-AA36-4FB53E358720}"
EndProject
Project("{2150E333-8FDC-42A3-9474-1A3956D46DE8}") = "2.4 Infraestructura", "2.4 Infraestructura", "{ECA663E8-4B98-46AC-9699-6722029E5932}"
EndProject
Project("{2150E333-8FDC-42A3-9474-1A3956D46DE8}") = "Web", "Web", "{206587A4-A03C-4C4A-9439-E08A19A0906B}"
EndProject
Project("{2150E333-8FDC-42A3-9474-1A3956D46DE8}") = "ASP.NET MVC", "ASP.NET MVC", "{02E2E709-FEF5-4BEE-A667-C7037A653DAA}"
EndProject
Project("{2150E333-8FDC-42A3-9474-1A3956D46DE8}") = "Core", "Core", "{2797A0F4-EC4C-4367-A1F8-A90E6F896F3F}"
EndProject
Project("{2150E333-8FDC-42A3-9474-1A3956D46DE8}") = "Main Module", "Main Module", "{F6500ABB-1ACD-4138-A588-D52CE4B63841}"
EndProject
Project("{FAE04EC0-301F-11D3-BF4B-00C04F79EFBC}") = "Dominio.Core.Entities", "Dominio.Core.Entities\Dominio.Core.Entities.csproj", "{08A7D969-299E-4B00-8709-27ECCF5B1553}"
EndProject
Project("{FAE04EC0-301F-11D3-BF4B-00C04F79EFBC}") = "Dominio.MainModule", "Dominio.MainModule\Dominio.MainModule.csproj", "{F96A1763-D8F1-460B-9772-FB554F453291}"
EndProject
Project("{FAE04EC0-301F-11D3-BF4B-00C04F79EFBC}") = "Infraestructura.Data.SQLServer", "Infraestructura.Data.SQLServer\Infraestructura.Data.SQLServer.csproj", "{87325B39-2B87-4238-9956-1E72338DE60F}"
EndProject
Global
	GlobalSection(SolutionConfigurationPlatforms) = preSolution
		Debug|Any CPU = Debug|Any CPU
		Release|Any CPU = Release|Any CPU
	EndGlobalSection
	GlobalSection(ProjectConfigurationPlatforms) = postSolution
		{488C7310-3D6A-4E78-AFDE-84953D0663D2}.Debug|Any CPU.ActiveCfg = Debug|Any CPU
		{488C7310-3D6A-4E78-AFDE-84953D0663D2}.Debug|Any CPU.Build.0 = Debug|Any CPU
		{488C7310-3D6A-4E78-AFDE-84953D0663D2}.Release|Any CPU.ActiveCfg = Release|Any CPU
		{488C7310-3D6A-4E78-AFDE-84953D0663D2}.Release|Any CPU.Build.0 = Release|Any CPU
		{08A7D969-299E-4B00-8709-27ECCF5B1553}.Debug|Any CPU.ActiveCfg = Debug|Any CPU
		{08A7D969-299E-4B00-8709-27ECCF5B1553}.Debug|Any CPU.Build.0 = Debug|Any CPU
		{08A7D969-299E-4B00-8709-27ECCF5B1553}.Release|Any CPU.ActiveCfg = Release|Any CPU
		{08A7D969-299E-4B00-8709-27ECCF5B1553}.Release|Any CPU.Build.0 = Release|Any CPU
		{F96A1763-D8F1-460B-9772-FB554F453291}.Debug|Any CPU.ActiveCfg = Debug|Any CPU
		{F96A1763-D8F1-460B-9772-FB554F453291}.Debug|Any CPU.Build.0 = Debug|Any CPU
		{F96A1763-D8F1-460B-9772-FB554F453291}.Release|Any CPU.ActiveCfg = Release|Any CPU
		{F96A1763-D8F1-460B-9772-FB554F453291}.Release|Any CPU.Build.0 = Release|Any CPU
		{87325B39-2B87-4238-9956-1E72338DE60F}.Debug|Any CPU.ActiveCfg = Debug|Any CPU
		{87325B39-2B87-4238-9956-1E72338DE60F}.Debug|Any CPU.Build.0 = Debug|Any CPU
		{87325B39-2B87-4238-9956-1E72338DE60F}.Release|Any CPU.ActiveCfg = Release|Any CPU
		{87325B39-2B87-4238-9956-1E72338DE60F}.Release|Any CPU.Build.0 = Release|Any CPU
	EndGlobalSection
	GlobalSection(SolutionProperties) = preSolution
		HideSolutionNode = FALSE
	EndGlobalSection
	GlobalSection(NestedProjects) = preSolution
		{488C7310-3D6A-4E78-AFDE-84953D0663D2} = {02E2E709-FEF5-4BEE-A667-C7037A653DAA}
		{B9F838F6-11D6-4C2F-83C7-28F0775324C0} = {E2118CFA-7E63-40DB-8AB9-C0E970D0ED83}
		{6F2C0FCE-0A5E-4866-9D47-81BAC79BF169} = {E2118CFA-7E63-40DB-8AB9-C0E970D0ED83}
		{B4C763EF-11DB-46EB-AA36-4FB53E358720} = {E2118CFA-7E63-40DB-8AB9-C0E970D0ED83}
		{ECA663E8-4B98-46AC-9699-6722029E5932} = {E2118CFA-7E63-40DB-8AB9-C0E970D0ED83}
		{206587A4-A03C-4C4A-9439-E08A19A0906B} = {B9F838F6-11D6-4C2F-83C7-28F0775324C0}
		{02E2E709-FEF5-4BEE-A667-C7037A653DAA} = {206587A4-A03C-4C4A-9439-E08A19A0906B}
		{2797A0F4-EC4C-4367-A1F8-A90E6F896F3F} = {B4C763EF-11DB-46EB-AA36-4FB53E358720}
		{F6500ABB-1ACD-4138-A588-D52CE4B63841} = {B4C763EF-11DB-46EB-AA36-4FB53E358720}
		{08A7D969-299E-4B00-8709-27ECCF5B1553} = {2797A0F4-EC4C-4367-A1F8-A90E6F896F3F}
		{F96A1763-D8F1-460B-9772-FB554F453291} = {F6500ABB-1ACD-4138-A588-D52CE4B63841}
		{87325B39-2B87-4238-9956-1E72338DE60F} = {ECA663E8-4B98-46AC-9699-6722029E5932}
	EndGlobalSection
EndGlobal
